
Microsoft Visual Studio Solution File, Format Version 12.00
# Visual Studio Version 16
VisualStudioVersion = 16.0.30503.244
MinimumVisualStudioVersion = 10.0.40219.1
Project("{8BC9CEB8-8B4A-11D0-8D11-00A0C91BC942}") = "HuffmanTree", "HuffmanTree.vcxproj", "{D30B198D-4947-4F93-BBD6-8C83C643B08D}"
EndProject
Global
	GlobalSection(SolutionConfigurationPlatforms) = preSolution
		Debug|x64 = Debug|x64
		Debug|x86 = Debug|x86
		Release|x64 = Release|x64
		Release|x86 = Release|x86
	EndGlobalSection
	GlobalSection(ProjectConfigurationPlatforms) = postSolution
		{D30B198D-4947-4F93-BBD6-8C83C643B08D}.Debug|x64.ActiveCfg = Debug|x64
		{D30B198D-4947-4F93-BBD6-8C83C643B08D}.Debug|x64.Build.0 = Debug|x64
		{D30B198D-4947-4F93-BBD6-8C83C643B08D}.Debug|x86.ActiveCfg = Debug|Win32
		{D30B198D-4947-4F93-BBD6-8C83C643B08D}.Debug|x86.Build.0 = Debug|Win32
		{D30B198D-4947-4F93-BBD6-8C83C643B08D}.Release|x64.ActiveCfg = Release|x64
		{D30B198D-4947-4F93-BBD6-8C83C643B08D}.Release|x64.Build.0 = Release|x64
		{D30B198D-4947-4F93-BBD6-8C83C643B08D}.Release|x86.ActiveCfg = Release|Win32
		{D30B198D-4947-4F93-BBD6-8C83C643B08D}.Release|x86.Build.0 = Release|Win32
	EndGlobalSection
	GlobalSection(SolutionProperties) = preSolution
		HideSolutionNode = FALSE
	EndGlobalSection
	GlobalSection(ExtensibilityGlobals) = postSolution
		SolutionGuid = {DC127EC9-793B-4076-B621-125C677CDB93}
	EndGlobalSection
EndGlobal
